// !$*UTF8*$!
{
	archiveVersion = 1;
	classes = {
	};
	objectVersion = 50;
	objects = {

/* Begin PBXBuildFile section */
		1409D6AA244B5B290069A29B /* AppDelegate.swift in Sources */ = {isa = PBXBuildFile; fileRef = 1409D6A9244B5B290069A29B /* AppDelegate.swift */; };
		1409D6AC244B5B290069A29B /* SceneDelegate.swift in Sources */ = {isa = PBXBuildFile; fileRef = 1409D6AB244B5B290069A29B /* SceneDelegate.swift */; };
		1409D6AE244B5B290069A29B /* ViewController.swift in Sources */ = {isa = PBXBuildFile; fileRef = 1409D6AD244B5B290069A29B /* ViewController.swift */; };
		1409D6B1244B5B290069A29B /* Main.storyboard in Resources */ = {isa = PBXBuildFile; fileRef = 1409D6AF244B5B290069A29B /* Main.storyboard */; };
		1409D6B3244B5B2A0069A29B /* Assets.xcassets in Resources */ = {isa = PBXBuildFile; fileRef = 1409D6B2244B5B2A0069A29B /* Assets.xcassets */; };
		1409D6B6244B5B2A0069A29B /* LaunchScreen.storyboard in Resources */ = {isa = PBXBuildFile; fileRef = 1409D6B4244B5B2A0069A29B /* LaunchScreen.storyboard */; };
/* End PBXBuildFile section */

/* Begin PBXFileReference section */
		1409D6A6244B5B290069A29B /* Access App Exercise.app */ = {isa = PBXFileReference; explicitFileType = wrapper.application; includeInIndex = 0; path = "Access App Exercise.app"; sourceTree = BUILT_PRODUCTS_DIR; };
		1409D6A9244B5B290069A29B /* AppDelegate.swift */ = {isa = PBXFileReference; lastKnownFileType = sourcecode.swift; path = AppDelegate.swift; sourceTree = "<group>"; };
		1409D6AB244B5B290069A29B /* SceneDelegate.swift */ = {isa = PBXFileReference; lastKnownFileType = sourcecode.swift; path = SceneDelegate.swift; sourceTree = "<group>"; };
		1409D6AD244B5B290069A29B /* ViewController.swift */ = {isa = PBXFileReference; lastKnownFileType = sourcecode.swift; path = ViewController.swift; sourceTree = "<group>"; };
		1409D6B0244B5B290069A29B /* Base */ = {isa = PBXFileReference; lastKnownFileType = file.storyboard; name = Base; path = Base.lproj/Main.storyboard; sourceTree = "<group>"; };
		1409D6B2244B5B2A0069A29B /* Assets.xcassets */ = {isa = PBXFileReference; lastKnownFileType = folder.assetcatalog; path = Assets.xcassets; sourceTree = "<group>"; };
		1409D6B5244B5B2A0069A29B /* Base */ = {isa = PBXFileReference; lastKnownFileType = file.storyboard; name = Base; path = Base.lproj/LaunchScreen.storyboard; sourceTree = "<group>"; };
		1409D6B7244B5B2A0069A29B /* Info.plist */ = {isa = PBXFileReference; lastKnownFileType = text.plist.xml; path = Info.plist; sourceTree = "<group>"; };
/* End PBXFileReference section */

/* Begin PBXFrameworksBuildPhase section */
		1409D6A3244B5B290069A29B /* Frameworks */ = {
			isa = PBXFrameworksBuildPhase;
			buildActionMask = 2147483647;
			files = (
			);
			runOnlyForDeploymentPostprocessing = 0;
		};
/* End PBXFrameworksBuildPhase section */

/* Begin PBXGroup section */
		1409D69D244B5B290069A29B = {
			isa = PBXGroup;
			children = (
				1409D6A8244B5B290069A29B /* Access App Exercise */,
				1409D6A7244B5B290069A29B /* Products */,
			);
			sourceTree = "<group>";
		};
		1409D6A7244B5B290069A29B /* Products */ = {
			isa = PBXGroup;
			children = (
				1409D6A6244B5B290069A29B /* Access App Exercise.app */,
			);
			name = Products;
			sourceTree = "<group>";
		};
		1409D6A8244B5B290069A29B /* Access App Exercise */ = {
			isa = PBXGroup;
			children = (
				1409D6A9244B5B290069A29B /* AppDelegate.swift */,
				1409D6AB244B5B290069A29B /* SceneDelegate.swift */,
				1409D6AD244B5B290069A29B /* ViewController.swift */,
				1409D6AF244B5B290069A29B /* Main.storyboard */,
				1409D6B2244B5B2A0069A29B /* Assets.xcassets */,
				1409D6B4244B5B2A0069A29B /* LaunchScreen.storyboard */,
				1409D6B7244B5B2A0069A29B /* Info.plist */,
			);
			path = "Access App Exercise";
			sourceTree = "<group>";
		};
/* End PBXGroup section */

/* Begin PBXNativeTarget section */
		1409D6A5244B5B290069A29B /* Access App Exercise */ = {
			isa = PBXNativeTarget;
			buildConfigurationList = 1409D6BA244B5B2A0069A29B /* Build configuration list for PBXNativeTarget "Access App Exercise" */;
			buildPhases = (
				1409D6A2244B5B290069A29B /* Sources */,
				1409D6A3244B5B290069A29B /* Frameworks */,
				1409D6A4244B5B290069A29B /* Resources */,
			);
			buildRules = (
			);
			dependencies = (
			);
			name = "Access App Exercise";
			productName = "Access App Exercise";
			productReference = 1409D6A6244B5B290069A29B /* Access App Exercise.app */;
			productType = "com.apple.product-type.application";
		};
/* End PBXNativeTarget section */

/* Begin PBXProject section */
		1409D69E244B5B290069A29B /* Project object */ = {
			isa = PBXProject;
			attributes = {
				LastSwiftUpdateCheck = 1130;
				LastUpgradeCheck = 1130;
				ORGANIZATIONNAME = LaurenceMini;
				TargetAttributes = {
					1409D6A5244B5B290069A29B = {
						CreatedOnToolsVersion = 11.3.1;
					};
				};
			};
			buildConfigurationList = 1409D6A1244B5B290069A29B /* Build configuration list for PBXProject "Access App Exercise" */;
			compatibilityVersion = "Xcode 9.3";
			developmentRegion = en;
			hasScannedForEncodings = 0;
			knownRegions = (
				en,
				Base,
			);
			mainGroup = 1409D69D244B5B290069A29B;
			productRefGroup = 1409D6A7244B5B290069A29B /* Products */;
			projectDirPath = "";
			projectRoot = "";
			targets = (
				1409D6A5244B5B290069A29B /* Access App Exercise */,
			);
		};
/* End PBXProject section */

/* Begin PBXResourcesBuildPhase section */
		1409D6A4244B5B290069A29B /* Resources */ = {
			isa = PBXResourcesBuildPhase;
			buildActionMask = 2147483647;
			files = (
				1409D6B6244B5B2A0069A29B /* LaunchScreen.storyboard in Resources */,
				1409D6B3244B5B2A0069A29B /* Assets.xcassets in Resources */,
				1409D6B1244B5B290069A29B /* Main.storyboard in Resources */,
			);
			runOnlyForDeploymentPostprocessing = 0;
		};
/* End PBXResourcesBuildPhase section */

/* Begin PBXSourcesBuildPhase section */
		1409D6A2244B5B290069A29B /* Sources */ = {
			isa = PBXSourcesBuildPhase;
			buildActionMask = 2147483647;
			files = (
				1409D6AE244B5B290069A29B /* ViewController.swift in Sources */,
				1409D6AA244B5B290069A29B /* AppDelegate.swift in Sources */,
				1409D6AC244B5B290069A29B /* SceneDelegate.swift in Sources */,
			);
			runOnlyForDeploymentPostprocessing = 0;
		};
/* End PBXSourcesBuildPhase section */

/* Begin PBXVariantGroup section */
		1409D6AF244B5B290069A29B /* Main.storyboard */ = {
			isa = PBXVariantGroup;
			children = (
				1409D6B0244B5B290069A29B /* Base */,
			);
			name = Main.storyboard;
			sourceTree = "<group>";
		};
		1409D6B4244B5B2A0069A29B /* LaunchScreen.storyboard */ = {
			isa = PBXVariantGroup;
			children = (
				1409D6B5244B5B2A0069A29B /* Base */,
			);
			name = LaunchScreen.storyboard;
			sourceTree = "<group>";
		};
/* End PBXVariantGroup section */

/* Begin XCBuildConfiguration section */
		1409D6B8244B5B2A0069A29B /* Debug */ = {
			isa = XCBuildConfiguration;
			buildSettings = {
				ALWAYS_SEARCH_USER_PATHS = NO;
				CLANG_ANALYZER_NONNULL = YES;
				CLANG_ANALYZER_NUMBER_OBJECT_CONVERSION = YES_AGGRESSIVE;
				CLANG_CXX_LANGUAGE_STANDARD = "gnu++14";
				CLANG_CXX_LIBRARY = "libc++";
				CLANG_ENABLE_MODULES = YES;
				CLANG_ENABLE_OBJC_ARC = YES;
				CLANG_ENABLE_OBJC_WEAK = YES;
				CLANG_WARN_BLOCK_CAPTURE_AUTORELEASING = YES;
				CLANG_WARN_BOOL_CONVERSION = YES;
				CLANG_WARN_COMMA = YES;
				CLANG_WARN_CONSTANT_CONVERSION = YES;
				CLANG_WARN_DEPRECATED_OBJC_IMPLEMENTATIONS = YES;
				CLANG_WARN_DIRECT_OBJC_ISA_USAGE = YES_ERROR;
				CLANG_WARN_DOCUMENTATION_COMMENTS = YES;
				CLANG_WARN_EMPTY_BODY = YES;
				CLANG_WARN_ENUM_CONVERSION = YES;
				CLANG_WARN_INFINITE_RECURSION = YES;
				CLANG_WARN_INT_CONVERSION = YES;
				CLANG_WARN_NON_LITERAL_NULL_CONVERSION = YES;
				CLANG_WARN_OBJC_IMPLICIT_RETAIN_SELF = YES;
				CLANG_WARN_OBJC_LITERAL_CONVERSION = YES;
				CLANG_WARN_OBJC_ROOT_CLASS = YES_ERROR;
				CLANG_WARN_RANGE_LOOP_ANALYSIS = YES;
				CLANG_WARN_STRICT_PROTOTYPES = YES;
				CLANG_WARN_SUSPICIOUS_MOVE = YES;
				CLANG_WARN_UNGUARDED_AVAILABILITY = YES_AGGRESSIVE;
				CLANG_WARN_UNREACHABLE_CODE = YES;
				CLANG_WARN__DUPLICATE_METHOD_MATCH = YES;
				COPY_PHASE_STRIP = NO;
				DEBUG_INFORMATION_FORMAT = dwarf;
				ENABLE_STRICT_OBJC_MSGSEND = YES;
				ENABLE_TESTABILITY = YES;
				GCC_C_LANGUAGE_STANDARD = gnu11;
				GCC_DYNAMIC_NO_PIC = NO;
				GCC_NO_COMMON_BLOCKS = YES;
				GCC_OPTIMIZATION_LEVEL = 0;
				GCC_PREPROCESSOR_DEFINITIONS = (
					"DEBUG=1",
					"$(inherited)",
				);
				GCC_WARN_64_TO_32_BIT_CONVERSION = YES;
				GCC_WARN_ABOUT_RETURN_TYPE = YES_ERROR;
				GCC_WARN_UNDECLARED_SELECTOR = YES;
				GCC_WARN_UNINITIALIZED_AUTOS = YES_AGGRESSIVE;
				GCC_WARN_UNUSED_FUNCTION = YES;
				GCC_WARN_UNUSED_VARIABLE = YES;
				IPHONEOS_DEPLOYMENT_TARGET = 13.2;
				MTL_ENABLE_DEBUG_INFO = INCLUDE_SOURCE;
				MTL_FAST_MATH = YES;
				ONLY_ACTIVE_ARCH = YES;
				SDKROOT = iphoneos;
				SWIFT_ACTIVE_COMPILATION_CONDITIONS = DEBUG;
				SWIFT_OPTIMIZATION_LEVEL = "-Onone";
			};
			name = Debug;
		};
		1409D6B9244B5B2A0069A29B /* Release */ = {
			isa = XCBuildConfiguration;
			buildSettings = {
				ALWAYS_SEARCH_USER_PATHS = NO;
				CLANG_ANALYZER_NONNULL = YES;
				CLANG_ANALYZER_NUMBER_OBJECT_CONVERSION = YES_AGGRESSIVE;
				CLANG_CXX_LANGUAGE_STANDARD = "gnu++14";
				CLANG_CXX_LIBRARY = "libc++";
				CLANG_ENABLE_MODULES = YES;
				CLANG_ENABLE_OBJC_ARC = YES;
				CLANG_ENABLE_OBJC_WEAK = YES;
				CLANG_WARN_BLOCK_CAPTURE_AUTORELEASING = YES;
				CLANG_WARN_BOOL_CONVERSION = YES;
				CLANG_WARN_COMMA = YES;
				CLANG_WARN_CONSTANT_CONVERSION = YES;
				CLANG_WARN_DEPRECATED_OBJC_IMPLEMENTATIONS = YES;
				CLANG_WARN_DIRECT_OBJC_ISA_USAGE = YES_ERROR;
				CLANG_WARN_DOCUMENTATION_COMMENTS = YES;
				CLANG_WARN_EMPTY_BODY = YES;
				CLANG_WARN_ENUM_CONVERSION = YES;
				CLANG_WARN_INFINITE_RECURSION = YES;
				CLANG_WARN_INT_CONVERSION = YES;
				CLANG_WARN_NON_LITERAL_NULL_CONVERSION = YES;
				CLANG_WARN_OBJC_IMPLICIT_RETAIN_SELF = YES;
				CLANG_WARN_OBJC_LITERAL_CONVERSION = YES;
				CLANG_WARN_OBJC_ROOT_CLASS = YES_ERROR;
				CLANG_WARN_RANGE_LOOP_ANALYSIS = YES;
				CLANG_WARN_STRICT_PROTOTYPES = YES;
				CLANG_WARN_SUSPICIOUS_MOVE = YES;
				CLANG_WARN_UNGUARDED_AVAILABILITY = YES_AGGRESSIVE;
				CLANG_WARN_UNREACHABLE_CODE = YES;
				CLANG_WARN__DUPLICATE_METHOD_MATCH = YES;
				COPY_PHASE_STRIP = NO;
				DEBUG_INFORMATION_FORMAT = "dwarf-with-dsym";
				ENABLE_NS_ASSERTIONS = NO;
				ENABLE_STRICT_OBJC_MSGSEND = YES;
				GCC_C_LANGUAGE_STANDARD = gnu11;
				GCC_NO_COMMON_BLOCKS = YES;
				GCC_WARN_64_TO_32_BIT_CONVERSION = YES;
				GCC_WARN_ABOUT_RETURN_TYPE = YES_ERROR;
				GCC_WARN_UNDECLARED_SELECTOR = YES;
				GCC_WARN_UNINITIALIZED_AUTOS = YES_AGGRESSIVE;
				GCC_WARN_UNUSED_FUNCTION = YES;
				GCC_WARN_UNUSED_VARIABLE = YES;
				IPHONEOS_DEPLOYMENT_TARGET = 13.2;
				MTL_ENABLE_DEBUG_INFO = NO;
				MTL_FAST_MATH = YES;
				SDKROOT = iphoneos;
				SWIFT_COMPILATION_MODE = wholemodule;
				SWIFT_OPTIMIZATION_LEVEL = "-O";
				VALIDATE_PRODUCT = YES;
			};
			name = Release;
		};
		1409D6BB244B5B2A0069A29B /* Debug */ = {
			isa = XCBuildConfiguration;
			buildSettings = {
				ASSETCATALOG_COMPILER_APPICON_NAME = AppIcon;
				CODE_SIGN_STYLE = Automatic;
				DEVELOPMENT_TEAM = 47ZWY8XRXM;
				INFOPLIST_FILE = "Access App Exercise/Info.plist";
				LD_RUNPATH_SEARCH_PATHS = (
					"$(inherited)",
					"@executable_path/Frameworks",
				);
				PRODUCT_BUNDLE_IDENTIFIER = "llng-Intl.Access-App-Exercise";
				PRODUCT_NAME = "$(TARGET_NAME)";
				SWIFT_VERSION = 5.0;
				TARGETED_DEVICE_FAMILY = "1,2";
			};
			name = Debug;
		};
		1409D6BC244B5B2A0069A29B /* Release */ = {
			isa = XCBuildConfiguration;
			buildSettings = {
				ASSETCATALOG_COMPILER_APPICON_NAME = AppIcon;
				CODE_SIGN_STYLE = Automatic;
				DEVELOPMENT_TEAM = 47ZWY8XRXM;
				INFOPLIST_FILE = "Access App Exercise/Info.plist";
				LD_RUNPATH_SEARCH_PATHS = (
					"$(inherited)",
					"@executable_path/Frameworks",
				);
				PRODUCT_BUNDLE_IDENTIFIER = "llng-Intl.Access-App-Exercise";
				PRODUCT_NAME = "$(TARGET_NAME)";
				SWIFT_VERSION = 5.0;
				TARGETED_DEVICE_FAMILY = "1,2";
			};
			name = Release;
		};
/* End XCBuildConfiguration section */

/* Begin XCConfigurationList section */
		1409D6A1244B5B290069A29B /* Build configuration list for PBXProject "Access App Exercise" */ = {
			isa = XCConfigurationList;
			buildConfigurations = (
				1409D6B8244B5B2A0069A29B /* Debug */,
				1409D6B9244B5B2A0069A29B /* Release */,
			);
			defaultConfigurationIsVisible = 0;
			defaultConfigurationName = Release;
		};
		1409D6BA244B5B2A0069A29B /* Build configuration list for PBXNativeTarget "Access App Exercise" */ = {
			isa = XCConfigurationList;
			buildConfigurations = (
				1409D6BB244B5B2A0069A29B /* Debug */,
				1409D6BC244B5B2A0069A29B /* Release */,
			);
			defaultConfigurationIsVisible = 0;
			defaultConfigurationName = Release;
		};
/* End XCConfigurationList section */
	};
	rootObject = 1409D69E244B5B290069A29B /* Project object */;
}
